
Microsoft Visual Studio Solution File, Format Version 11.00
# Visual Studio 2010
Project("{FAE04EC0-301F-11D3-BF4B-00C04F79EFBC}") = "Assembly-CSharp-Editor", "Assembly-CSharp-Editor.csproj", "{9cb0f2cd-935b-bb21-8949-4639ba025eb6}"
EndProject
Project("{FAE04EC0-301F-11D3-BF4B-00C04F79EFBC}") = "Assembly-CSharp", "Assembly-CSharp.csproj", "{108b909b-f314-f486-f820-6bb54fc65f11}"
EndProject
Global
	GlobalSection(SolutionConfigurationPlatforms) = preSolution
		Debug|Any CPU = Debug|Any CPU
	EndGlobalSection
	GlobalSection(ProjectConfigurationPlatforms) = postSolution
		{9cb0f2cd-935b-bb21-8949-4639ba025eb6}.Debug|Any CPU.ActiveCfg = Debug|Any CPU
		{9cb0f2cd-935b-bb21-8949-4639ba025eb6}.Debug|Any CPU.Build.0 = Debug|Any CPU
		{108b909b-f314-f486-f820-6bb54fc65f11}.Debug|Any CPU.ActiveCfg = Debug|Any CPU
		{108b909b-f314-f486-f820-6bb54fc65f11}.Debug|Any CPU.Build.0 = Debug|Any CPU
	EndGlobalSection
	GlobalSection(SolutionProperties) = preSolution
		HideSolutionNode = FALSE
	EndGlobalSection
EndGlobal
